Microsoft Visual Studio Solution File, Format Version 12.00
# Visual Studio Version 17
VisualStudioVersion = 17.0.0.0
MinimumVisualStudioVersion = 17.0.0.0
Project("{9A19103F-16F7-4668-BE54-9A1E7A4F7556}") = "kTVCSSBlazor.Server", "Server\kTVCSSBlazor.Server.csproj", "{738D362F-24EC-4583-89D8-E583E9E9F55F}"
EndProject
Project("{9A19103F-16F7-4668-BE54-9A1E7A4F7556}") = "kTVCSSBlazor.Client", "Client\kTVCSSBlazor.Client.csproj", "{E1AD7B6D-79D1-4FD9-A262-6074031557FC}"
EndProject
Project("{FAE04EC0-301F-11D3-BF4B-00C04F79EFBC}") = "kTVCSS.Models", "..\kTVCSS.Models\kTVCSS.Models.csproj", "{B37DA577-2E7E-F819-35A1-4678927582E1}"
EndProject
Global
	GlobalSection(SolutionConfigurationPlatforms) = preSolution
		Debug|Any CPU = Debug|Any CPU
		Release|Any CPU = Release|Any CPU
	EndGlobalSection
	GlobalSection(ProjectConfigurationPlatforms) = postSolution
		{738D362F-24EC-4583-89D8-E583E9E9F55F}.Debug|Any CPU.ActiveCfg = Debug|Any CPU
		{738D362F-24EC-4583-89D8-E583E9E9F55F}.Debug|Any CPU.Build.0 = Debug|Any CPU
		{738D362F-24EC-4583-89D8-E583E9E9F55F}.Release|Any CPU.ActiveCfg = Release|Any CPU
		{738D362F-24EC-4583-89D8-E583E9E9F55F}.Release|Any CPU.Build.0 = Release|Any CPU
		{E1AD7B6D-79D1-4FD9-A262-6074031557FC}.Debug|Any CPU.ActiveCfg = Debug|Any CPU
		{E1AD7B6D-79D1-4FD9-A262-6074031557FC}.Debug|Any CPU.Build.0 = Debug|Any CPU
		{E1AD7B6D-79D1-4FD9-A262-6074031557FC}.Release|Any CPU.ActiveCfg = Release|Any CPU
		{E1AD7B6D-79D1-4FD9-A262-6074031557FC}.Release|Any CPU.Build.0 = Release|Any CPU
		{B37DA577-2E7E-F819-35A1-4678927582E1}.Debug|Any CPU.ActiveCfg = Debug|Any CPU
		{B37DA577-2E7E-F819-35A1-4678927582E1}.Debug|Any CPU.Build.0 = Debug|Any CPU
		{B37DA577-2E7E-F819-35A1-4678927582E1}.Release|Any CPU.ActiveCfg = Release|Any CPU
		{B37DA577-2E7E-F819-35A1-4678927582E1}.Release|Any CPU.Build.0 = Release|Any CPU
	EndGlobalSection
	GlobalSection(SolutionProperties) = preSolution
		HideSolutionNode = FALSE
	EndGlobalSection
	GlobalSection(ExtensibilityGlobals) = postSolution
		SolutionGuid = {1735BFE5-5385-4369-AF70-AE417C9BCABD}
	EndGlobalSection
EndGlobal
